// !$*UTF8*$!
{
	archiveVersion = 1;
	classes = {
	};
	objectVersion = 46;
	objects = {

/* Begin PBXBuildFile section */
		2B0972281DDD81360047C655 /* newEventsTableViewCell.m in Sources */ = {isa = PBXBuildFile; fileRef = 2B0972271DDD81360047C655 /* newEventsTableViewCell.m */; };
		2B5FB3C71DDC379700C80152 /* main.m in Sources */ = {isa = PBXBuildFile; fileRef = 2B5FB3C61DDC379700C80152 /* main.m */; };
		2B5FB3CA1DDC379700C80152 /* AppDelegate.m in Sources */ = {isa = PBXBuildFile; fileRef = 2B5FB3C91DDC379700C80152 /* AppDelegate.m */; };
		2B5FB3CD1DDC379700C80152 /* ViewController.m in Sources */ = {isa = PBXBuildFile; fileRef = 2B5FB3CC1DDC379700C80152 /* ViewController.m */; };
		2B5FB3D01DDC379700C80152 /* Main.storyboard in Resources */ = {isa = PBXBuildFile; fileRef = 2B5FB3CE1DDC379700C80152 /* Main.storyboard */; };
		2B5FB3D31DDC379700C80152 /* Hi.xcdatamodeld in Sources */ = {isa = PBXBuildFile; fileRef = 2B5FB3D11DDC379700C80152 /* Hi.xcdatamodeld */; };
		2B5FB3D51DDC379700C80152 /* Assets.xcassets in Resources */ = {isa = PBXBuildFile; fileRef = 2B5FB3D41DDC379700C80152 /* Assets.xcassets */; };
		2B5FB3D81DDC379700C80152 /* LaunchScreen.storyboard in Resources */ = {isa = PBXBuildFile; fileRef = 2B5FB3D61DDC379700C80152 /* LaunchScreen.storyboard */; };
		2B5FB3E31DDC379700C80152 /* HiTests.m in Sources */ = {isa = PBXBuildFile; fileRef = 2B5FB3E21DDC379700C80152 /* HiTests.m */; };
		2B5FB3EE1DDC379700C80152 /* HiUITests.m in Sources */ = {isa = PBXBuildFile; fileRef = 2B5FB3ED1DDC379700C80152 /* HiUITests.m */; };
		2B5FB3FF1DDC3C3A00C80152 /* CorlorTransform.m in Sources */ = {isa = PBXBuildFile; fileRef = 2B5FB3FE1DDC3C3A00C80152 /* CorlorTransform.m */; };
		2B5FB4081DDC406C00C80152 /* friendViewController.m in Sources */ = {isa = PBXBuildFile; fileRef = 2B5FB4071DDC406C00C80152 /* friendViewController.m */; };
		2B5FB40B1DDC40B500C80152 /* NewEventsViewController.m in Sources */ = {isa = PBXBuildFile; fileRef = 2B5FB40A1DDC40B500C80152 /* NewEventsViewController.m */; };
		2B5FB40E1DDC40BF00C80152 /* mineViewController.m in Sources */ = {isa = PBXBuildFile; fileRef = 2B5FB40D1DDC40BF00C80152 /* mineViewController.m */; };
		2B5FB4121DDC46D700C80152 /* HiTableViewCell.m in Sources */ = {isa = PBXBuildFile; fileRef = 2B5FB4111DDC46D700C80152 /* HiTableViewCell.m */; };
		2B5FB4171DDC4D5600C80152 /* FontOutSystem.m in Sources */ = {isa = PBXBuildFile; fileRef = 2B5FB4161DDC4D5600C80152 /* FontOutSystem.m */; };
		2B5FB4191DDC4F5800C80152 /* FZZDXJW.TTF in Resources */ = {isa = PBXBuildFile; fileRef = 2B5FB4181DDC4F5800C80152 /* FZZDXJW.TTF */; };
		2B5FB41D1DDC532E00C80152 /* chatViewController.m in Sources */ = {isa = PBXBuildFile; fileRef = 2B5FB41C1DDC532E00C80152 /* chatViewController.m */; };
		2B5FB4201DDC5AD700C80152 /* ContactModel.m in Sources */ = {isa = PBXBuildFile; fileRef = 2B5FB41F1DDC5AD700C80152 /* ContactModel.m */; };
		2B5FB4261DDC5AF500C80152 /* ContactDataHelper.m in Sources */ = {isa = PBXBuildFile; fileRef = 2B5FB4231DDC5AF500C80152 /* ContactDataHelper.m */; };
		2B5FB4271DDC5AF500C80152 /* NSString+Utils.m in Sources */ = {isa = PBXBuildFile; fileRef = 2B5FB4251DDC5AF500C80152 /* NSString+Utils.m */; };
		2B5FB45D1DDC5B2400C80152 /* JSONModel.m in Sources */ = {isa = PBXBuildFile; fileRef = 2B5FB42D1DDC5B2400C80152 /* JSONModel.m */; };
		2B5FB45E1DDC5B2400C80152 /* JSONModelArray.m in Sources */ = {isa = PBXBuildFile; fileRef = 2B5FB42F1DDC5B2400C80152 /* JSONModelArray.m */; };
		2B5FB45F1DDC5B2400C80152 /* JSONModelClassProperty.m in Sources */ = {isa = PBXBuildFile; fileRef = 2B5FB4311DDC5B2400C80152 /* JSONModelClassProperty.m */; };
		2B5FB4601DDC5B2400C80152 /* JSONModelError.m in Sources */ = {isa = PBXBuildFile; fileRef = 2B5FB4331DDC5B2400C80152 /* JSONModelError.m */; };
		2B5FB4611DDC5B2400C80152 /* NSArray+JSONModel.m in Sources */ = {isa = PBXBuildFile; fileRef = 2B5FB4361DDC5B2400C80152 /* NSArray+JSONModel.m */; };
		2B5FB4621DDC5B2400C80152 /* JSONAPI.m in Sources */ = {isa = PBXBuildFile; fileRef = 2B5FB43A1DDC5B2400C80152 /* JSONAPI.m */; };
		2B5FB4631DDC5B2400C80152 /* JSONHTTPClient.m in Sources */ = {isa = PBXBuildFile; fileRef = 2B5FB43C1DDC5B2400C80152 /* JSONHTTPClient.m */; };
		2B5FB4641DDC5B2400C80152 /* JSONModel+networking.m in Sources */ = {isa = PBXBuildFile; fileRef = 2B5FB43E1DDC5B2400C80152 /* JSONModel+networking.m */; };
		2B5FB4651DDC5B2400C80152 /* JSONKeyMapper.m in Sources */ = {isa = PBXBuildFile; fileRef = 2B5FB4411DDC5B2400C80152 /* JSONKeyMapper.m */; };
		2B5FB4661DDC5B2400C80152 /* JSONValueTransformer.m in Sources */ = {isa = PBXBuildFile; fileRef = 2B5FB4431DDC5B2400C80152 /* JSONValueTransformer.m */; };
		2B5FB4671DDC5B2400C80152 /* contacts_add_friend@2x.png in Resources */ = {isa = PBXBuildFile; fileRef = 2B5FB4451DDC5B2400C80152 /* contacts_add_friend@2x.png */; };
		2B5FB4681DDC5B2400C80152 /* contacts_add_friend@3x.png in Resources */ = {isa = PBXBuildFile; fileRef = 2B5FB4461DDC5B2400C80152 /* contacts_add_friend@3x.png */; };
		2B5FB46C1DDC5B2400C80152 /* 1.png in Resources */ = {isa = PBXBuildFile; fileRef = 2B5FB44B1DDC5B2400C80152 /* 1.png */; };
		2B5FB46D1DDC5B2400C80152 /* 10.png in Resources */ = {isa = PBXBuildFile; fileRef = 2B5FB44C1DDC5B2400C80152 /* 10.png */; };
		2B5FB46E1DDC5B2400C80152 /* 11.png in Resources */ = {isa = PBXBuildFile; fileRef = 2B5FB44D1DDC5B2400C80152 /* 11.png */; };
		2B5FB46F1DDC5B2400C80152 /* 12.png in Resources */ = {isa = PBXBuildFile; fileRef = 2B5FB44E1DDC5B2400C80152 /* 12.png */; };
		2B5FB4701DDC5B2400C80152 /* 13.png in Resources */ = {isa = PBXBuildFile; fileRef = 2B5FB44F1DDC5B2400C80152 /* 13.png */; };
		2B5FB4711DDC5B2400C80152 /* 14.png in Resources */ = {isa = PBXBuildFile; fileRef = 2B5FB4501DDC5B2400C80152 /* 14.png */; };
		2B5FB4721DDC5B2400C80152 /* 15.png in Resources */ = {isa = PBXBuildFile; fileRef = 2B5FB4511DDC5B2400C80152 /* 15.png */; };
		2B5FB4731DDC5B2400C80152 /* 16.png in Resources */ = {isa = PBXBuildFile; fileRef = 2B5FB4521DDC5B2400C80152 /* 16.png */; };
		2B5FB4741DDC5B2400C80152 /* 17.png in Resources */ = {isa = PBXBuildFile; fileRef = 2B5FB4531DDC5B2400C80152 /* 17.png */; };
		2B5FB4751DDC5B2400C80152 /* 18.png in Resources */ = {isa = PBXBuildFile; fileRef = 2B5FB4541DDC5B2400C80152 /* 18.png */; };
		2B5FB4761DDC5B2400C80152 /* 2.png in Resources */ = {isa = PBXBuildFile; fileRef = 2B5FB4551DDC5B2400C80152 /* 2.png */; };
		2B5FB4771DDC5B2400C80152 /* 3.png in Resources */ = {isa = PBXBuildFile; fileRef = 2B5FB4561DDC5B2400C80152 /* 3.png */; };
		2B5FB4781DDC5B2400C80152 /* 4.png in Resources */ = {isa = PBXBuildFile; fileRef = 2B5FB4571DDC5B2400C80152 /* 4.png */; };
		2B5FB4791DDC5B2400C80152 /* 5.png in Resources */ = {isa = PBXBuildFile; fileRef = 2B5FB4581DDC5B2400C80152 /* 5.png */; };
		2B5FB47A1DDC5B2400C80152 /* 6.png in Resources */ = {isa = PBXBuildFile; fileRef = 2B5FB4591DDC5B2400C80152 /* 6.png */; };
		2B5FB47B1DDC5B2400C80152 /* 7.png in Resources */ = {isa = PBXBuildFile; fileRef = 2B5FB45A1DDC5B2400C80152 /* 7.png */; };
		2B5FB47C1DDC5B2400C80152 /* 8.png in Resources */ = {isa = PBXBuildFile; fileRef = 2B5FB45B1DDC5B2400C80152 /* 8.png */; };
		2B5FB47D1DDC5B2400C80152 /* 9.png in Resources */ = {isa = PBXBuildFile; fileRef = 2B5FB45C1DDC5B2400C80152 /* 9.png */; };
		2B5FB4801DDC5B4E00C80152 /* ContactTableViewCell.m in Sources */ = {isa = PBXBuildFile; fileRef = 2B5FB47F1DDC5B4E00C80152 /* ContactTableViewCell.m */; };
		2B5FB4841DDC602800C80152 /* headView.m in Sources */ = {isa = PBXBuildFile; fileRef = 2B5FB4831DDC602800C80152 /* headView.m */; };
		2BFCAB651DDC66830023FF1C /* followManViewController.m in Sources */ = {isa = PBXBuildFile; fileRef = 2BFCAB641DDC66830023FF1C /* followManViewController.m */; };
		2BFCAB681DDC668E0023FF1C /* followWomanViewController.m in Sources */ = {isa = PBXBuildFile; fileRef = 2BFCAB671DDC668E0023FF1C /* followWomanViewController.m */; };
		2BFCAB6B1DDC669D0023FF1C /* myFollowViewController.m in Sources */ = {isa = PBXBuildFile; fileRef = 2BFCAB6A1DDC669D0023FF1C /* myFollowViewController.m */; };
		2BFCAB6E1DDC66A50023FF1C /* fansViewController.m in Sources */ = {isa = PBXBuildFile; fileRef = 2BFCAB6D1DDC66A50023FF1C /* fansViewController.m */; };
		2BFCAB721DDC6D410023FF1C /* playerMessageViewController.m in Sources */ = {isa = PBXBuildFile; fileRef = 2BFCAB711DDC6D410023FF1C /* playerMessageViewController.m */; };
/* End PBXBuildFile section */

/* Begin PBXContainerItemProxy section */
		2B5FB3DF1DDC379700C80152 /* PBXContainerItemProxy */ = {
			isa = PBXContainerItemProxy;
			containerPortal = 2B5FB3BA1DDC379700C80152 /* Project object */;
			proxyType = 1;
			remoteGlobalIDString = 2B5FB3C11DDC379700C80152;
			remoteInfo = Hi;
		};
		2B5FB3EA1DDC379700C80152 /* PBXContainerItemProxy */ = {
			isa = PBXContainerItemProxy;
			containerPortal = 2B5FB3BA1DDC379700C80152 /* Project object */;
			proxyType = 1;
			remoteGlobalIDString = 2B5FB3C11DDC379700C80152;
			remoteInfo = Hi;
		};
/* End PBXContainerItemProxy section */

/* Begin PBXFileReference section */
		2B0972261DDD81360047C655 /* newEventsTableViewCell.h */ = {isa = PBXFileReference; fileEncoding = 4; lastKnownFileType = sourcecode.c.h; path = newEventsTableViewCell.h; sourceTree = "<group>"; };
		2B0972271DDD81360047C655 /* newEventsTableViewCell.m */ = {isa = PBXFileReference; fileEncoding = 4; lastKnownFileType = sourcecode.c.objc; path = newEventsTableViewCell.m; sourceTree = "<group>"; };
		2B5FB3C21DDC379700C80152 /* Hi.app */ = {isa = PBXFileReference; explicitFileType = wrapper.application; includeInIndex = 0; path = Hi.app; sourceTree = BUILT_PRODUCTS_DIR; };
		2B5FB3C61DDC379700C80152 /* main.m */ = {isa = PBXFileReference; lastKnownFileType = sourcecode.c.objc; path = main.m; sourceTree = "<group>"; };
		2B5FB3C81DDC379700C80152 /* AppDelegate.h */ = {isa = PBXFileReference; lastKnownFileType = sourcecode.c.h; path = AppDelegate.h; sourceTree = "<group>"; };
		2B5FB3C91DDC379700C80152 /* AppDelegate.m */ = {isa = PBXFileReference; lastKnownFileType = sourcecode.c.objc; path = AppDelegate.m; sourceTree = "<group>"; };
		2B5FB3CB1DDC379700C80152 /* ViewController.h */ = {isa = PBXFileReference; lastKnownFileType = sourcecode.c.h; path = ViewController.h; sourceTree = "<group>"; };
		2B5FB3CC1DDC379700C80152 /* ViewController.m */ = {isa = PBXFileReference; lastKnownFileType = sourcecode.c.objc; path = ViewController.m; sourceTree = "<group>"; };
		2B5FB3CF1DDC379700C80152 /* Base */ = {isa = PBXFileReference; lastKnownFileType = file.storyboard; name = Base; path = Base.lproj/Main.storyboard; sourceTree = "<group>"; };
		2B5FB3D21DDC379700C80152 /* Hi.xcdatamodel */ = {isa = PBXFileReference; lastKnownFileType = wrapper.xcdatamodel; path = Hi.xcdatamodel; sourceTree = "<group>"; };
		2B5FB3D41DDC379700C80152 /* Assets.xcassets */ = {isa = PBXFileReference; lastKnownFileType = folder.assetcatalog; path = Assets.xcassets; sourceTree = "<group>"; };
		2B5FB3D71DDC379700C80152 /* Base */ = {isa = PBXFileReference; lastKnownFileType = file.storyboard; name = Base; path = Base.lproj/LaunchScreen.storyboard; sourceTree = "<group>"; };
		2B5FB3D91DDC379700C80152 /* Info.plist */ = {isa = PBXFileReference; lastKnownFileType = text.plist.xml; path = Info.plist; sourceTree = "<group>"; };
		2B5FB3DE1DDC379700C80152 /* HiTests.xctest */ = {isa = PBXFileReference; explicitFileType = wrapper.cfbundle; includeInIndex = 0; path = HiTests.xctest; sourceTree = BUILT_PRODUCTS_DIR; };
		2B5FB3E21DDC379700C80152 /* HiTests.m */ = {isa = PBXFileReference; lastKnownFileType = sourcecode.c.objc; path = HiTests.m; sourceTree = "<group>"; };
		2B5FB3E41DDC379700C80152 /* Info.plist */ = {isa = PBXFileReference; lastKnownFileType = text.plist.xml; path = Info.plist; sourceTree = "<group>"; };
		2B5FB3E91DDC379700C80152 /* HiUITests.xctest */ = {isa = PBXFileReference; explicitFileType = wrapper.cfbundle; includeInIndex = 0; path = HiUITests.xctest; sourceTree = BUILT_PRODUCTS_DIR; };
		2B5FB3ED1DDC379700C80152 /* HiUITests.m */ = {isa = PBXFileReference; lastKnownFileType = sourcecode.c.objc; path = HiUITests.m; sourceTree = "<group>"; };
		2B5FB3EF1DDC379700C80152 /* Info.plist */ = {isa = PBXFileReference; lastKnownFileType = text.plist.xml; path = Info.plist; sourceTree = "<group>"; };
		2B5FB3FD1DDC3C3A00C80152 /* CorlorTransform.h */ = {isa = PBXFileReference; fileEncoding = 4; lastKnownFileType = sourcecode.c.h; path = CorlorTransform.h; sourceTree = "<group>"; };
		2B5FB3FE1DDC3C3A00C80152 /* CorlorTransform.m */ = {isa = PBXFileReference; fileEncoding = 4; lastKnownFileType = sourcecode.c.objc; path = CorlorTransform.m; sourceTree = "<group>"; };
		2B5FB4011DDC3E7900C80152 /* PrefixHeader.pch */ = {isa = PBXFileReference; fileEncoding = 4; lastKnownFileType = sourcecode.c.h; name = PrefixHeader.pch; path = ../PrefixHeader.pch; sourceTree = "<group>"; };
		2B5FB4061DDC406C00C80152 /* friendViewController.h */ = {isa = PBXFileReference; fileEncoding = 4; lastKnownFileType = sourcecode.c.h; path = friendViewController.h; sourceTree = "<group>"; };
		2B5FB4071DDC406C00C80152 /* friendViewController.m */ = {isa = PBXFileReference; fileEncoding = 4; lastKnownFileType = sourcecode.c.objc; path = friendViewController.m; sourceTree = "<group>"; };
		2B5FB4091DDC40B500C80152 /* NewEventsViewController.h */ = {isa = PBXFileReference; fileEncoding = 4; lastKnownFileType = sourcecode.c.h; path = NewEventsViewController.h; sourceTree = "<group>"; };
		2B5FB40A1DDC40B500C80152 /* NewEventsViewController.m */ = {isa = PBXFileReference; fileEncoding = 4; lastKnownFileType = sourcecode.c.objc; path = NewEventsViewController.m; sourceTree = "<group>"; };
		2B5FB40C1DDC40BF00C80152 /* mineViewController.h */ = {isa = PBXFileReference; fileEncoding = 4; lastKnownFileType = sourcecode.c.h; path = mineViewController.h; sourceTree = "<group>"; };
		2B5FB40D1DDC40BF00C80152 /* mineViewController.m */ = {isa = PBXFileReference; fileEncoding = 4; lastKnownFileType = sourcecode.c.objc; path = mineViewController.m; sourceTree = "<group>"; };
		2B5FB4101DDC46D700C80152 /* HiTableViewCell.h */ = {isa = PBXFileReference; fileEncoding = 4; lastKnownFileType = sourcecode.c.h; path = HiTableViewCell.h; sourceTree = "<group>"; };
		2B5FB4111DDC46D700C80152 /* HiTableViewCell.m */ = {isa = PBXFileReference; fileEncoding = 4; lastKnownFileType = sourcecode.c.objc; path = HiTableViewCell.m; sourceTree = "<group>"; };
		2B5FB4151DDC4D5600C80152 /* FontOutSystem.h */ = {isa = PBXFileReference; fileEncoding = 4; lastKnownFileType = sourcecode.c.h; path = FontOutSystem.h; sourceTree = "<group>"; };
		2B5FB4161DDC4D5600C80152 /* FontOutSystem.m */ = {isa = PBXFileReference; fileEncoding = 4; lastKnownFileType = sourcecode.c.objc; path = FontOutSystem.m; sourceTree = "<group>"; };
		2B5FB4181DDC4F5800C80152 /* FZZDXJW.TTF */ = {isa = PBXFileReference; lastKnownFileType = file; path = FZZDXJW.TTF; sourceTree = "<group>"; };
		2B5FB41B1DDC532E00C80152 /* chatViewController.h */ = {isa = PBXFileReference; fileEncoding = 4; lastKnownFileType = sourcecode.c.h; path = chatViewController.h; sourceTree = "<group>"; };
		2B5FB41C1DDC532E00C80152 /* chatViewController.m */ = {isa = PBXFileReference; fileEncoding = 4; lastKnownFileType = sourcecode.c.objc; path = chatViewController.m; sourceTree = "<group>"; };
		2B5FB41E1DDC5AD700C80152 /* ContactModel.h */ = {isa = PBXFileReference; fileEncoding = 4; lastKnownFileType = sourcecode.c.h; path = ContactModel.h; sourceTree = "<group>"; };
		2B5FB41F1DDC5AD700C80152 /* ContactModel.m */ = {isa = PBXFileReference; fileEncoding = 4; lastKnownFileType = sourcecode.c.objc; path = ContactModel.m; sourceTree = "<group>"; };
		2B5FB4221DDC5AF500C80152 /* ContactDataHelper.h */ = {isa = PBXFileReference; fileEncoding = 4; lastKnownFileType = sourcecode.c.h; path = ContactDataHelper.h; sourceTree = "<group>"; };
		2B5FB4231DDC5AF500C80152 /* ContactDataHelper.m */ = {isa = PBXFileReference; fileEncoding = 4; lastKnownFileType = sourcecode.c.objc; path = ContactDataHelper.m; sourceTree = "<group>"; };
		2B5FB4241DDC5AF500C80152 /* NSString+Utils.h */ = {isa = PBXFileReference; fileEncoding = 4; lastKnownFileType = sourcecode.c.h; path = "NSString+Utils.h"; sourceTree = "<group>"; };
		2B5FB4251DDC5AF500C80152 /* NSString+Utils.m */ = {isa = PBXFileReference; fileEncoding = 4; lastKnownFileType = sourcecode.c.objc; path = "NSString+Utils.m"; sourceTree = "<group>"; };
		2B5FB42C1DDC5B2400C80152 /* JSONModel.h */ = {isa = PBXFileReference; fileEncoding = 4; lastKnownFileType = sourcecode.c.h; path = JSONModel.h; sourceTree = "<group>"; };
		2B5FB42D1DDC5B2400C80152 /* JSONModel.m */ = {isa = PBXFileReference; fileEncoding = 4; lastKnownFileType = sourcecode.c.objc; path = JSONModel.m; sourceTree = "<group>"; };
		2B5FB42E1DDC5B2400C80152 /* JSONModelArray.h */ = {isa = PBXFileReference; fileEncoding = 4; lastKnownFileType = sourcecode.c.h; path = JSONModelArray.h; sourceTree = "<group>"; };
		2B5FB42F1DDC5B2400C80152 /* JSONModelArray.m */ = {isa = PBXFileReference; fileEncoding = 4; lastKnownFileType = sourcecode.c.objc; path = JSONModelArray.m; sourceTree = "<group>"; };
		2B5FB4301DDC5B2400C80152 /* JSONModelClassProperty.h */ = {isa = PBXFileReference; fileEncoding = 4; lastKnownFileType = sourcecode.c.h; path = JSONModelClassProperty.h; sourceTree = "<group>"; };
		2B5FB4311DDC5B2400C80152 /* JSONModelClassProperty.m */ = {isa = PBXFileReference; fileEncoding = 4; lastKnownFileType = sourcecode.c.objc; path = JSONModelClassProperty.m; sourceTree = "<group>"; };
		2B5FB4321DDC5B2400C80152 /* JSONModelError.h */ = {isa = PBXFileReference; fileEncoding = 4; lastKnownFileType = sourcecode.c.h; path = JSONModelError.h; sourceTree = "<group>"; };
		2B5FB4331DDC5B2400C80152 /* JSONModelError.m */ = {isa = PBXFileReference; fileEncoding = 4; lastKnownFileType = sourcecode.c.objc; path = JSONModelError.m; sourceTree = "<group>"; };
		2B5FB4351DDC5B2400C80152 /* NSArray+JSONModel.h */ = {isa = PBXFileReference; fileEncoding = 4; lastKnownFileType = sourcecode.c.h; path = "NSArray+JSONModel.h"; sourceTree = "<group>"; };
		2B5FB4361DDC5B2400C80152 /* NSArray+JSONModel.m */ = {isa = PBXFileReference; fileEncoding = 4; lastKnownFileType = sourcecode.c.objc; path = "NSArray+JSONModel.m"; sourceTree = "<group>"; };
		2B5FB4371DDC5B2400C80152 /* JSONModelLib.h */ = {isa = PBXFileReference; fileEncoding = 4; lastKnownFileType = sourcecode.c.h; path = JSONModelLib.h; sourceTree = "<group>"; };
		2B5FB4391DDC5B2400C80152 /* JSONAPI.h */ = {isa = PBXFileReference; fileEncoding = 4; lastKnownFileType = sourcecode.c.h; path = JSONAPI.h; sourceTree = "<group>"; };
		2B5FB43A1DDC5B2400C80152 /* JSONAPI.m */ = {isa = PBXFileReference; fileEncoding = 4; lastKnownFileType = sourcecode.c.objc; path = JSONAPI.m; sourceTree = "<group>"; };
		2B5FB43B1DDC5B2400C80152 /* JSONHTTPClient.h */ = {isa = PBXFileReference; fileEncoding = 4; lastKnownFileType = sourcecode.c.h; path = JSONHTTPClient.h; sourceTree = "<group>"; };
		2B5FB43C1DDC5B2400C80152 /* JSONHTTPClient.m */ = {isa = PBXFileReference; fileEncoding = 4; lastKnownFileType = sourcecode.c.objc; path = JSONHTTPClient.m; sourceTree = "<group>"; };
		2B5FB43D1DDC5B2400C80152 /* JSONModel+networking.h */ = {isa = PBXFileReference; fileEncoding = 4; lastKnownFileType = sourcecode.c.h; path = "JSONModel+networking.h"; sourceTree = "<group>"; };
		2B5FB43E1DDC5B2400C80152 /* JSONModel+networking.m */ = {isa = PBXFileReference; fileEncoding = 4; lastKnownFileType = sourcecode.c.objc; path = "JSONModel+networking.m"; sourceTree = "<group>"; };
		2B5FB4401DDC5B2400C80152 /* JSONKeyMapper.h */ = {isa = PBXFileReference; fileEncoding = 4; lastKnownFileType = sourcecode.c.h; path = JSONKeyMapper.h; sourceTree = "<group>"; };
		2B5FB4411DDC5B2400C80152 /* JSONKeyMapper.m */ = {isa = PBXFileReference; fileEncoding = 4; lastKnownFileType = sourcecode.c.objc; path = JSONKeyMapper.m; sourceTree = "<group>"; };
		2B5FB4421DDC5B2400C80152 /* JSONValueTransformer.h */ = {isa = PBXFileReference; fileEncoding = 4; lastKnownFileType = sourcecode.c.h; path = JSONValueTransformer.h; sourceTree = "<group>"; };
		2B5FB4431DDC5B2400C80152 /* JSONValueTransformer.m */ = {isa = PBXFileReference; fileEncoding = 4; lastKnownFileType = sourcecode.c.objc; path = JSONValueTransformer.m; sourceTree = "<group>"; };
		2B5FB4451DDC5B2400C80152 /* contacts_add_friend@2x.png */ = {isa = PBXFileReference; lastKnownFileType = image.png; path = "contacts_add_friend@2x.png"; sourceTree = "<group>"; };
		2B5FB4461DDC5B2400C80152 /* contacts_add_friend@3x.png */ = {isa = PBXFileReference; lastKnownFileType = image.png; path = "contacts_add_friend@3x.png"; sourceTree = "<group>"; };
		2B5FB44B1DDC5B2400C80152 /* 1.png */ = {isa = PBXFileReference; lastKnownFileType = image.png; path = 1.png; sourceTree = "<group>"; };
		2B5FB44C1DDC5B2400C80152 /* 10.png */ = {isa = PBXFileReference; lastKnownFileType = image.png; path = 10.png; sourceTree = "<group>"; };
		2B5FB44D1DDC5B2400C80152 /* 11.png */ = {isa = PBXFileReference; lastKnownFileType = image.png; path = 11.png; sourceTree = "<group>"; };
		2B5FB44E1DDC5B2400C80152 /* 12.png */ = {isa = PBXFileReference; lastKnownFileType = image.png; path = 12.png; sourceTree = "<group>"; };
		2B5FB44F1DDC5B2400C80152 /* 13.png */ = {isa = PBXFileReference; lastKnownFileType = image.png; path = 13.png; sourceTree = "<group>"; };
		2B5FB4501DDC5B2400C80152 /* 14.png */ = {isa = PBXFileReference; lastKnownFileType = image.png; path = 14.png; sourceTree = "<group>"; };
		2B5FB4511DDC5B2400C80152 /* 15.png */ = {isa = PBXFileReference; lastKnownFileType = image.png; path = 15.png; sourceTree = "<group>"; };
		2B5FB4521DDC5B2400C80152 /* 16.png */ = {isa = PBXFileReference; lastKnownFileType = image.png; path = 16.png; sourceTree = "<group>"; };
		2B5FB4531DDC5B2400C80152 /* 17.png */ = {isa = PBXFileReference; lastKnownFileType = image.png; path = 17.png; sourceTree = "<group>"; };
		2B5FB4541DDC5B2400C80152 /* 18.png */ = {isa = PBXFileReference; lastKnownFileType = image.png; path = 18.png; sourceTree = "<group>"; };
		2B5FB4551DDC5B2400C80152 /* 2.png */ = {isa = PBXFileReference; lastKnownFileType = image.png; path = 2.png; sourceTree = "<group>"; };
		2B5FB4561DDC5B2400C80152 /* 3.png */ = {isa = PBXFileReference; lastKnownFileType = image.png; path = 3.png; sourceTree = "<group>"; };
		2B5FB4571DDC5B2400C80152 /* 4.png */ = {isa = PBXFileReference; lastKnownFileType = image.png; path = 4.png; sourceTree = "<group>"; };
		2B5FB4581DDC5B2400C80152 /* 5.png */ = {isa = PBXFileReference; lastKnownFileType = image.png; path = 5.png; sourceTree = "<group>"; };
		2B5FB4591DDC5B2400C80152 /* 6.png */ = {isa = PBXFileReference; lastKnownFileType = image.png; path = 6.png; sourceTree = "<group>"; };
		2B5FB45A1DDC5B2400C80152 /* 7.png */ = {isa = PBXFileReference; lastKnownFileType = image.png; path = 7.png; sourceTree = "<group>"; };
		2B5FB45B1DDC5B2400C80152 /* 8.png */ = {isa = PBXFileReference; lastKnownFileType = image.png; path = 8.png; sourceTree = "<group>"; };
		2B5FB45C1DDC5B2400C80152 /* 9.png */ = {isa = PBXFileReference; lastKnownFileType = image.png; path = 9.png; sourceTree = "<group>"; };
		2B5FB47E1DDC5B4E00C80152 /* ContactTableViewCell.h */ = {isa = PBXFileReference; fileEncoding = 4; lastKnownFileType = sourcecode.c.h; path = ContactTableViewCell.h; sourceTree = "<group>"; };
		2B5FB47F1DDC5B4E00C80152 /* ContactTableViewCell.m */ = {isa = PBXFileReference; fileEncoding = 4; lastKnownFileType = sourcecode.c.objc; path = ContactTableViewCell.m; sourceTree = "<group>"; };
		2B5FB4821DDC602800C80152 /* headView.h */ = {isa = PBXFileReference; fileEncoding = 4; lastKnownFileType = sourcecode.c.h; path = headView.h; sourceTree = "<group>"; };
		2B5FB4831DDC602800C80152 /* headView.m */ = {isa = PBXFileReference; fileEncoding = 4; lastKnownFileType = sourcecode.c.objc; path = headView.m; sourceTree = "<group>"; };
		2BFCAB631DDC66830023FF1C /* followManViewController.h */ = {isa = PBXFileReference; fileEncoding = 4; lastKnownFileType = sourcecode.c.h; path = followManViewController.h; sourceTree = "<group>"; };
		2BFCAB641DDC66830023FF1C /* followManViewController.m */ = {isa = PBXFileReference; fileEncoding = 4; lastKnownFileType = sourcecode.c.objc; path = followManViewController.m; sourceTree = "<group>"; };
		2BFCAB661DDC668E0023FF1C /* followWomanViewController.h */ = {isa = PBXFileReference; fileEncoding = 4; lastKnownFileType = sourcecode.c.h; path = followWomanViewController.h; sourceTree = "<group>"; };
		2BFCAB671DDC668E0023FF1C /* followWomanViewController.m */ = {isa = PBXFileReference; fileEncoding = 4; lastKnownFileType = sourcecode.c.objc; path = followWomanViewController.m; sourceTree = "<group>"; };
		2BFCAB691DDC669D0023FF1C /* myFollowViewController.h */ = {isa = PBXFileReference; fileEncoding = 4; lastKnownFileType = sourcecode.c.h; path = myFollowViewController.h; sourceTree = "<group>"; };
		2BFCAB6A1DDC669D0023FF1C /* myFollowViewController.m */ = {isa = PBXFileReference; fileEncoding = 4; lastKnownFileType = sourcecode.c.objc; path = myFollowViewController.m; sourceTree = "<group>"; };
		2BFCAB6C1DDC66A50023FF1C /* fansViewController.h */ = {isa = PBXFileReference; fileEncoding = 4; lastKnownFileType = sourcecode.c.h; path = fansViewController.h; sourceTree = "<group>"; };
		2BFCAB6D1DDC66A50023FF1C /* fansViewController.m */ = {isa = PBXFileReference; fileEncoding = 4; lastKnownFileType = sourcecode.c.objc; path = fansViewController.m; sourceTree = "<group>"; };
		2BFCAB701DDC6D410023FF1C /* playerMessageViewController.h */ = {isa = PBXFileReference; fileEncoding = 4; lastKnownFileType = sourcecode.c.h; path = playerMessageViewController.h; sourceTree = "<group>"; };
		2BFCAB711DDC6D410023FF1C /* playerMessageViewController.m */ = {isa = PBXFileReference; fileEncoding = 4; lastKnownFileType = sourcecode.c.objc; path = playerMessageViewController.m; sourceTree = "<group>"; };
/* End PBXFileReference section */

/* Begin PBXFrameworksBuildPhase section */
		2B5FB3BF1DDC379700C80152 /* Frameworks */ = {
			isa = PBXFrameworksBuildPhase;
			buildActionMask = 2147483647;
			files = (
			);
			runOnlyForDeploymentPostprocessing = 0;
		};
		2B5FB3DB1DDC379700C80152 /* Frameworks */ = {
			isa = PBXFrameworksBuildPhase;
			buildActionMask = 2147483647;
			files = (
			);
			runOnlyForDeploymentPostprocessing = 0;
		};
		2B5FB3E61DDC379700C80152 /* Frameworks */ = {
			isa = PBXFrameworksBuildPhase;
			buildActionMask = 2147483647;
			files = (
			);
			runOnlyForDeploymentPostprocessing = 0;
		};
/* End PBXFrameworksBuildPhase section */

/* Begin PBXGroup section */
		2B0972251DDD81200047C655 /* cell */ = {
			isa = PBXGroup;
			children = (
				2B0972261DDD81360047C655 /* newEventsTableViewCell.h */,
				2B0972271DDD81360047C655 /* newEventsTableViewCell.m */,
			);
			name = cell;
			sourceTree = "<group>";
		};
		2B5FB3B91DDC379700C80152 = {
			isa = PBXGroup;
			children = (
				2B5FB3C41DDC379700C80152 /* Hi */,
				2B5FB3E11DDC379700C80152 /* HiTests */,
				2B5FB3EC1DDC379700C80152 /* HiUITests */,
				2B5FB3C31DDC379700C80152 /* Products */,
			);
			sourceTree = "<group>";
		};
		2B5FB3C31DDC379700C80152 /* Products */ = {
			isa = PBXGroup;
			children = (
				2B5FB3C21DDC379700C80152 /* Hi.app */,
				2B5FB3DE1DDC379700C80152 /* HiTests.xctest */,
				2B5FB3E91DDC379700C80152 /* HiUITests.xctest */,
			);
			name = Products;
			sourceTree = "<group>";
		};
		2B5FB3C41DDC379700C80152 /* Hi */ = {
			isa = PBXGroup;
			children = (
				2B5FB3C81DDC379700C80152 /* AppDelegate.h */,
				2B5FB3C91DDC379700C80152 /* AppDelegate.m */,
				2B5FB3FB1DDC3B2F00C80152 /* viewcontroller */,
				2B5FB41A1DDC530600C80152 /* chatviewcontroller */,
				2B5FB3FC1DDC3C1D00C80152 /* tool */,
				2B5FB3CE1DDC379700C80152 /* Main.storyboard */,
				2B5FB3D41DDC379700C80152 /* Assets.xcassets */,
				2B5FB3D61DDC379700C80152 /* LaunchScreen.storyboard */,
				2B5FB3D91DDC379700C80152 /* Info.plist */,
				2B5FB3D11DDC379700C80152 /* Hi.xcdatamodeld */,
				2B5FB3C51DDC379700C80152 /* Supporting Files */,
			);
			path = Hi;
			sourceTree = "<group>";
		};
		2B5FB3C51DDC379700C80152 /* Supporting Files */ = {
			isa = PBXGroup;
			children = (
				2B5FB3C61DDC379700C80152 /* main.m */,
				2B5FB4011DDC3E7900C80152 /* PrefixHeader.pch */,
			);
			name = "Supporting Files";
			sourceTree = "<group>";
		};
		2B5FB3E11DDC379700C80152 /* HiTests */ = {
			isa = PBXGroup;
			children = (
				2B5FB3E21DDC379700C80152 /* HiTests.m */,
				2B5FB3E41DDC379700C80152 /* Info.plist */,
			);
			path = HiTests;
			sourceTree = "<group>";
		};
		2B5FB3EC1DDC379700C80152 /* HiUITests */ = {
			isa = PBXGroup;
			children = (
				2B5FB3ED1DDC379700C80152 /* HiUITests.m */,
				2B5FB3EF1DDC379700C80152 /* Info.plist */,
			);
			path = HiUITests;
			sourceTree = "<group>";
		};
		2B5FB3FB1DDC3B2F00C80152 /* viewcontroller */ = {
			isa = PBXGroup;
			children = (
				2B5FB4051DDC404D00C80152 /* 好友 */,
				2B5FB4041DDC404600C80152 /* 新鲜 */,
				2B5FB4031DDC403D00C80152 /* 我 */,
				2B5FB4021DDC402E00C80152 /* 嗨 */,
			);
			name = viewcontroller;
			sourceTree = "<group>";
		};
		2B5FB3FC1DDC3C1D00C80152 /* tool */ = {
			isa = PBXGroup;
			children = (
				2B5FB3FD1DDC3C3A00C80152 /* CorlorTransform.h */,
				2B5FB3FE1DDC3C3A00C80152 /* CorlorTransform.m */,
				2B5FB4151DDC4D5600C80152 /* FontOutSystem.h */,
				2B5FB4161DDC4D5600C80152 /* FontOutSystem.m */,
				2B5FB4181DDC4F5800C80152 /* FZZDXJW.TTF */,
				2B5FB41E1DDC5AD700C80152 /* ContactModel.h */,
				2B5FB41F1DDC5AD700C80152 /* ContactModel.m */,
				2B5FB4281DDC5B2400C80152 /* Resources */,
				2B5FB4211DDC5AEB00C80152 /* libs */,
			);
			name = tool;
			sourceTree = "<group>";
		};
		2B5FB4021DDC402E00C80152 /* 嗨 */ = {
			isa = PBXGroup;
			children = (
				2B5FB3CB1DDC379700C80152 /* ViewController.h */,
				2B5FB3CC1DDC379700C80152 /* ViewController.m */,
				2B5FB40F1DDC46C000C80152 /* cell */,
			);
			name = "嗨";
			sourceTree = "<group>";
		};
		2B5FB4031DDC403D00C80152 /* 我 */ = {
			isa = PBXGroup;
			children = (
				2B5FB40C1DDC40BF00C80152 /* mineViewController.h */,
				2B5FB40D1DDC40BF00C80152 /* mineViewController.m */,
			);
			name = "我";
			sourceTree = "<group>";
		};
		2B5FB4041DDC404600C80152 /* 新鲜 */ = {
			isa = PBXGroup;
			children = (
				2B5FB4091DDC40B500C80152 /* NewEventsViewController.h */,
				2B5FB40A1DDC40B500C80152 /* NewEventsViewController.m */,
				2B0972251DDD81200047C655 /* cell */,
			);
			name = "新鲜";
			sourceTree = "<group>";
		};
		2B5FB4051DDC404D00C80152 /* 好友 */ = {
			isa = PBXGroup;
			children = (
				2B5FB4061DDC406C00C80152 /* friendViewController.h */,
				2B5FB4071DDC406C00C80152 /* friendViewController.m */,
				2BFCAB621DDC663B0023FF1C /* 关注男生 */,
				2BFCAB611DDC66340023FF1C /* 关注女生 */,
				2BFCAB601DDC662D0023FF1C /* 我关注的 */,
				2BFCAB5F1DDC66220023FF1C /* 粉丝 */,
				2BFCAB6F1DDC6D000023FF1C /* 详细信息 */,
				2B5FB4811DDC600900C80152 /* cell headerView */,
			);
			name = "好友";
			sourceTree = "<group>";
		};
		2B5FB40F1DDC46C000C80152 /* cell */ = {
			isa = PBXGroup;
			children = (
				2B5FB4101DDC46D700C80152 /* HiTableViewCell.h */,
				2B5FB4111DDC46D700C80152 /* HiTableViewCell.m */,
			);
			name = cell;
			sourceTree = "<group>";
		};
		2B5FB41A1DDC530600C80152 /* chatviewcontroller */ = {
			isa = PBXGroup;
			children = (
				2B5FB41B1DDC532E00C80152 /* chatViewController.h */,
				2B5FB41C1DDC532E00C80152 /* chatViewController.m */,
			);
			name = chatviewcontroller;
			sourceTree = "<group>";
		};
		2B5FB4211DDC5AEB00C80152 /* libs */ = {
			isa = PBXGroup;
			children = (
				2B5FB4221DDC5AF500C80152 /* ContactDataHelper.h */,
				2B5FB4231DDC5AF500C80152 /* ContactDataHelper.m */,
				2B5FB4241DDC5AF500C80152 /* NSString+Utils.h */,
				2B5FB4251DDC5AF500C80152 /* NSString+Utils.m */,
			);
			name = libs;
			sourceTree = "<group>";
		};
		2B5FB4281DDC5B2400C80152 /* Resources */ = {
			isa = PBXGroup;
			children = (
				2B5FB4291DDC5B2400C80152 /* 3rd */,
				2B5FB4441DDC5B2400C80152 /* Images */,
			);
			path = Resources;
			sourceTree = "<group>";
		};
		2B5FB4291DDC5B2400C80152 /* 3rd */ = {
			isa = PBXGroup;
			children = (
				2B5FB42A1DDC5B2400C80152 /* JSONModel */,
			);
			path = 3rd;
			sourceTree = "<group>";
		};
		2B5FB42A1DDC5B2400C80152 /* JSONModel */ = {
			isa = PBXGroup;
			children = (
				2B5FB42B1DDC5B2400C80152 /* JSONModel */,
				2B5FB4341DDC5B2400C80152 /* JSONModelCategories */,
				2B5FB4371DDC5B2400C80152 /* JSONModelLib.h */,
				2B5FB4381DDC5B2400C80152 /* JSONModelNetworking */,
				2B5FB43F1DDC5B2400C80152 /* JSONModelTransformations */,
			);
			path = JSONModel;
			sourceTree = "<group>";
		};
		2B5FB42B1DDC5B2400C80152 /* JSONModel */ = {
			isa = PBXGroup;
			children = (
				2B5FB42C1DDC5B2400C80152 /* JSONModel.h */,
				2B5FB42D1DDC5B2400C80152 /* JSONModel.m */,
				2B5FB42E1DDC5B2400C80152 /* JSONModelArray.h */,
				2B5FB42F1DDC5B2400C80152 /* JSONModelArray.m */,
				2B5FB4301DDC5B2400C80152 /* JSONModelClassProperty.h */,
				2B5FB4311DDC5B2400C80152 /* JSONModelClassProperty.m */,
				2B5FB4321DDC5B2400C80152 /* JSONModelError.h */,
				2B5FB4331DDC5B2400C80152 /* JSONModelError.m */,
			);
			path = JSONModel;
			sourceTree = "<group>";
		};
		2B5FB4341DDC5B2400C80152 /* JSONModelCategories */ = {
			isa = PBXGroup;
			children = (
				2B5FB4351DDC5B2400C80152 /* NSArray+JSONModel.h */,
				2B5FB4361DDC5B2400C80152 /* NSArray+JSONModel.m */,
			);
			path = JSONModelCategories;
			sourceTree = "<group>";
		};
		2B5FB4381DDC5B2400C80152 /* JSONModelNetworking */ = {
			isa = PBXGroup;
			children = (
				2B5FB4391DDC5B2400C80152 /* JSONAPI.h */,
				2B5FB43A1DDC5B2400C80152 /* JSONAPI.m */,
				2B5FB43B1DDC5B2400C80152 /* JSONHTTPClient.h */,
				2B5FB43C1DDC5B2400C80152 /* JSONHTTPClient.m */,
				2B5FB43D1DDC5B2400C80152 /* JSONModel+networking.h */,
				2B5FB43E1DDC5B2400C80152 /* JSONModel+networking.m */,
			);
			path = JSONModelNetworking;
			sourceTree = "<group>";
		};
		2B5FB43F1DDC5B2400C80152 /* JSONModelTransformations */ = {
			isa = PBXGroup;
			children = (
				2B5FB4401DDC5B2400C80152 /* JSONKeyMapper.h */,
				2B5FB4411DDC5B2400C80152 /* JSONKeyMapper.m */,
				2B5FB4421DDC5B2400C80152 /* JSONValueTransformer.h */,
				2B5FB4431DDC5B2400C80152 /* JSONValueTransformer.m */,
			);
			path = JSONModelTransformations;
			sourceTree = "<group>";
		};
		2B5FB4441DDC5B2400C80152 /* Images */ = {
			isa = PBXGroup;
			children = (
				2B5FB4451DDC5B2400C80152 /* contacts_add_friend@2x.png */,
				2B5FB4461DDC5B2400C80152 /* contacts_add_friend@3x.png */,
				2B5FB44A1DDC5B2400C80152 /* portraits */,
			);
			path = Images;
			sourceTree = "<group>";
		};
		2B5FB44A1DDC5B2400C80152 /* portraits */ = {
			isa = PBXGroup;
			children = (
				2B5FB44B1DDC5B2400C80152 /* 1.png */,
				2B5FB44C1DDC5B2400C80152 /* 10.png */,
				2B5FB44D1DDC5B2400C80152 /* 11.png */,
				2B5FB44E1DDC5B2400C80152 /* 12.png */,
				2B5FB44F1DDC5B2400C80152 /* 13.png */,
				2B5FB4501DDC5B2400C80152 /* 14.png */,
				2B5FB4511DDC5B2400C80152 /* 15.png */,
				2B5FB4521DDC5B2400C80152 /* 16.png */,
				2B5FB4531DDC5B2400C80152 /* 17.png */,
				2B5FB4541DDC5B2400C80152 /* 18.png */,
				2B5FB4551DDC5B2400C80152 /* 2.png */,
				2B5FB4561DDC5B2400C80152 /* 3.png */,
				2B5FB4571DDC5B2400C80152 /* 4.png */,
				2B5FB4581DDC5B2400C80152 /* 5.png */,
				2B5FB4591DDC5B2400C80152 /* 6.png */,
				2B5FB45A1DDC5B2400C80152 /* 7.png */,
				2B5FB45B1DDC5B2400C80152 /* 8.png */,
				2B5FB45C1DDC5B2400C80152 /* 9.png */,
			);
			path = portraits;
			sourceTree = "<group>";
		};
		2B5FB4811DDC600900C80152 /* cell headerView */ = {
			isa = PBXGroup;
			children = (
				2B5FB47E1DDC5B4E00C80152 /* ContactTableViewCell.h */,
				2B5FB47F1DDC5B4E00C80152 /* ContactTableViewCell.m */,
				2B5FB4821DDC602800C80152 /* headView.h */,
				2B5FB4831DDC602800C80152 /* headView.m */,
			);
			name = "cell headerView";
			sourceTree = "<group>";
		};
		2BFCAB5F1DDC66220023FF1C /* 粉丝 */ = {
			isa = PBXGroup;
			children = (
				2BFCAB6C1DDC66A50023FF1C /* fansViewController.h */,
				2BFCAB6D1DDC66A50023FF1C /* fansViewController.m */,
			);
			name = "粉丝";
			sourceTree = "<group>";
		};
		2BFCAB601DDC662D0023FF1C /* 我关注的 */ = {
			isa = PBXGroup;
			children = (
				2BFCAB691DDC669D0023FF1C /* myFollowViewController.h */,
				2BFCAB6A1DDC669D0023FF1C /* myFollowViewController.m */,
			);
			name = "我关注的";
			sourceTree = "<group>";
		};
		2BFCAB611DDC66340023FF1C /* 关注女生 */ = {
			isa = PBXGroup;
			children = (
				2BFCAB661DDC668E0023FF1C /* followWomanViewController.h */,
				2BFCAB671DDC668E0023FF1C /* followWomanViewController.m */,
			);
			name = "关注女生";
			sourceTree = "<group>";
		};
		2BFCAB621DDC663B0023FF1C /* 关注男生 */ = {
			isa = PBXGroup;
			children = (
				2BFCAB631DDC66830023FF1C /* followManViewController.h */,
				2BFCAB641DDC66830023FF1C /* followManViewController.m */,
			);
			name = "关注男生";
			sourceTree = "<group>";
		};
		2BFCAB6F1DDC6D000023FF1C /* 详细信息 */ = {
			isa = PBXGroup;
			children = (
				2BFCAB701DDC6D410023FF1C /* playerMessageViewController.h */,
				2BFCAB711DDC6D410023FF1C /* playerMessageViewController.m */,
			);
			name = "详细信息";
			sourceTree = "<group>";
		};
/* End PBXGroup section */

/* Begin PBXNativeTarget section */
		2B5FB3C11DDC379700C80152 /* Hi */ = {
			isa = PBXNativeTarget;
			buildConfigurationList = 2B5FB3F21DDC379700C80152 /* Build configuration list for PBXNativeTarget "Hi" */;
			buildPhases = (
				2B5FB3BE1DDC379700C80152 /* Sources */,
				2B5FB3BF1DDC379700C80152 /* Frameworks */,
				2B5FB3C01DDC379700C80152 /* Resources */,
			);
			buildRules = (
			);
			dependencies = (
			);
			name = Hi;
			productName = Hi;
			productReference = 2B5FB3C21DDC379700C80152 /* Hi.app */;
			productType = "com.apple.product-type.application";
		};
		2B5FB3DD1DDC379700C80152 /* HiTests */ = {
			isa = PBXNativeTarget;
			buildConfigurationList = 2B5FB3F51DDC379700C80152 /* Build configuration list for PBXNativeTarget "HiTests" */;
			buildPhases = (
				2B5FB3DA1DDC379700C80152 /* Sources */,
				2B5FB3DB1DDC379700C80152 /* Frameworks */,
				2B5FB3DC1DDC379700C80152 /* Resources */,
			);
			buildRules = (
			);
			dependencies = (
				2B5FB3E01DDC379700C80152 /* PBXTargetDependency */,
			);
			name = HiTests;
			productName = HiTests;
			productReference = 2B5FB3DE1DDC379700C80152 /* HiTests.xctest */;
			productType = "com.apple.product-type.bundle.unit-test";
		};
		2B5FB3E81DDC379700C80152 /* HiUITests */ = {
			isa = PBXNativeTarget;
			buildConfigurationList = 2B5FB3F81DDC379700C80152 /* Build configuration list for PBXNativeTarget "HiUITests" */;
			buildPhases = (
				2B5FB3E51DDC379700C80152 /* Sources */,
				2B5FB3E61DDC379700C80152 /* Frameworks */,
				2B5FB3E71DDC379700C80152 /* Resources */,
			);
			buildRules = (
			);
			dependencies = (
				2B5FB3EB1DDC379700C80152 /* PBXTargetDependency */,
			);
			name = HiUITests;
			productName = HiUITests;
			productReference = 2B5FB3E91DDC379700C80152 /* HiUITests.xctest */;
			productType = "com.apple.product-type.bundle.ui-testing";
		};
/* End PBXNativeTarget section */

/* Begin PBXProject section */
		2B5FB3BA1DDC379700C80152 /* Project object */ = {
			isa = PBXProject;
			attributes = {
				LastUpgradeCheck = 0800;
				ORGANIZATIONNAME = user_kevin;
				TargetAttributes = {
					2B5FB3C11DDC379700C80152 = {
						CreatedOnToolsVersion = 8.0;
						DevelopmentTeam = 2YW5V6RTUA;
						ProvisioningStyle = Manual;
					};
					2B5FB3DD1DDC379700C80152 = {
						CreatedOnToolsVersion = 8.0;
						ProvisioningStyle = Automatic;
						TestTargetID = 2B5FB3C11DDC379700C80152;
					};
					2B5FB3E81DDC379700C80152 = {
						CreatedOnToolsVersion = 8.0;
						ProvisioningStyle = Automatic;
						TestTargetID = 2B5FB3C11DDC379700C80152;
					};
				};
			};
			buildConfigurationList = 2B5FB3BD1DDC379700C80152 /* Build configuration list for PBXProject "Hi" */;
			compatibilityVersion = "Xcode 3.2";
			developmentRegion = English;
			hasScannedForEncodings = 0;
			knownRegions = (
				en,
				Base,
			);
			mainGroup = 2B5FB3B91DDC379700C80152;
			productRefGroup = 2B5FB3C31DDC379700C80152 /* Products */;
			projectDirPath = "";
			projectRoot = "";
			targets = (
				2B5FB3C11DDC379700C80152 /* Hi */,
				2B5FB3DD1DDC379700C80152 /* HiTests */,
				2B5FB3E81DDC379700C80152 /* HiUITests */,
			);
		};
/* End PBXProject section */

/* Begin PBXResourcesBuildPhase section */
		2B5FB3C01DDC379700C80152 /* Resources */ = {
			isa = PBXResourcesBuildPhase;
			buildActionMask = 2147483647;
			files = (
				2B5FB4781DDC5B2400C80152 /* 4.png in Resources */,
				2B5FB46F1DDC5B2400C80152 /* 12.png in Resources */,
				2B5FB47B1DDC5B2400C80152 /* 7.png in Resources */,
				2B5FB4791DDC5B2400C80152 /* 5.png in Resources */,
				2B5FB3D81DDC379700C80152 /* LaunchScreen.storyboard in Resources */,
				2B5FB4761DDC5B2400C80152 /* 2.png in Resources */,
				2B5FB4751DDC5B2400C80152 /* 18.png in Resources */,
				2B5FB47A1DDC5B2400C80152 /* 6.png in Resources */,
				2B5FB46D1DDC5B2400C80152 /* 10.png in Resources */,
				2B5FB4731DDC5B2400C80152 /* 16.png in Resources */,
				2B5FB4671DDC5B2400C80152 /* contacts_add_friend@2x.png in Resources */,
				2B5FB4741DDC5B2400C80152 /* 17.png in Resources */,
				2B5FB4681DDC5B2400C80152 /* contacts_add_friend@3x.png in Resources */,
				2B5FB3D51DDC379700C80152 /* Assets.xcassets in Resources */,
				2B5FB4771DDC5B2400C80152 /* 3.png in Resources */,
				2B5FB46E1DDC5B2400C80152 /* 11.png in Resources */,
				2B5FB4191DDC4F5800C80152 /* FZZDXJW.TTF in Resources */,
				2B5FB4711DDC5B2400C80152 /* 14.png in Resources */,
				2B5FB47D1DDC5B2400C80152 /* 9.png in Resources */,
				2B5FB3D01DDC379700C80152 /* Main.storyboard in Resources */,
				2B5FB47C1DDC5B2400C80152 /* 8.png in Resources */,
				2B5FB46C1DDC5B2400C80152 /* 1.png in Resources */,
				2B5FB4701DDC5B2400C80152 /* 13.png in Resources */,
				2B5FB4721DDC5B2400C80152 /* 15.png in Resources */,
			);
			runOnlyForDeploymentPostprocessing = 0;
		};
		2B5FB3DC1DDC379700C80152 /* Resources */ = {
			isa = PBXResourcesBuildPhase;
			buildActionMask = 2147483647;
			files = (
			);
			runOnlyForDeploymentPostprocessing = 0;
		};
		2B5FB3E71DDC379700C80152 /* Resources */ = {
			isa = PBXResourcesBuildPhase;
			buildActionMask = 2147483647;
			files = (
			);
			runOnlyForDeploymentPostprocessing = 0;
		};
/* End PBXResourcesBuildPhase section */

/* Begin PBXSourcesBuildPhase section */
		2B5FB3BE1DDC379700C80152 /* Sources */ = {
			isa = PBXSourcesBuildPhase;
			buildActionMask = 2147483647;
			files = (
				2B5FB4631DDC5B2400C80152 /* JSONHTTPClient.m in Sources */,
				2B5FB4171DDC4D5600C80152 /* FontOutSystem.m in Sources */,
				2B5FB4801DDC5B4E00C80152 /* ContactTableViewCell.m in Sources */,
				2BFCAB6B1DDC669D0023FF1C /* myFollowViewController.m in Sources */,
				2B5FB3D31DDC379700C80152 /* Hi.xcdatamodeld in Sources */,
				2B5FB4611DDC5B2400C80152 /* NSArray+JSONModel.m in Sources */,
				2B5FB4651DDC5B2400C80152 /* JSONKeyMapper.m in Sources */,
				2BFCAB681DDC668E0023FF1C /* followWomanViewController.m in Sources */,
				2BFCAB6E1DDC66A50023FF1C /* fansViewController.m in Sources */,
				2B5FB4841DDC602800C80152 /* headView.m in Sources */,
				2B5FB3CD1DDC379700C80152 /* ViewController.m in Sources */,
				2B5FB4081DDC406C00C80152 /* friendViewController.m in Sources */,
				2B5FB3CA1DDC379700C80152 /* AppDelegate.m in Sources */,
				2B5FB45E1DDC5B2400C80152 /* JSONModelArray.m in Sources */,
				2B5FB4121DDC46D700C80152 /* HiTableViewCell.m in Sources */,
				2B5FB4621DDC5B2400C80152 /* JSONAPI.m in Sources */,
				2BFCAB651DDC66830023FF1C /* followManViewController.m in Sources */,
				2B5FB4661DDC5B2400C80152 /* JSONValueTransformer.m in Sources */,
				2B5FB4261DDC5AF500C80152 /* ContactDataHelper.m in Sources */,
				2B5FB4201DDC5AD700C80152 /* ContactModel.m in Sources */,
				2B5FB45F1DDC5B2400C80152 /* JSONModelClassProperty.m in Sources */,
				2B0972281DDD81360047C655 /* newEventsTableViewCell.m in Sources */,
				2B5FB3C71DDC379700C80152 /* main.m in Sources */,
				2B5FB45D1DDC5B2400C80152 /* JSONModel.m in Sources */,
				2B5FB4601DDC5B2400C80152 /* JSONModelError.m in Sources */,
				2BFCAB721DDC6D410023FF1C /* playerMessageViewController.m in Sources */,
				2B5FB40B1DDC40B500C80152 /* NewEventsViewController.m in Sources */,
				2B5FB4641DDC5B2400C80152 /* JSONModel+networking.m in Sources */,
				2B5FB3FF1DDC3C3A00C80152 /* CorlorTransform.m in Sources */,
				2B5FB41D1DDC532E00C80152 /* chatViewController.m in Sources */,
				2B5FB40E1DDC40BF00C80152 /* mineViewController.m in Sources */,
				2B5FB4271DDC5AF500C80152 /* NSString+Utils.m in Sources */,
			);
			runOnlyForDeploymentPostprocessing = 0;
		};
		2B5FB3DA1DDC379700C80152 /* Sources */ = {
			isa = PBXSourcesBuildPhase;
			buildActionMask = 2147483647;
			files = (
				2B5FB3E31DDC379700C80152 /* HiTests.m in Sources */,
			);
			runOnlyForDeploymentPostprocessing = 0;
		};
		2B5FB3E51DDC379700C80152 /* Sources */ = {
			isa = PBXSourcesBuildPhase;
			buildActionMask = 2147483647;
			files = (
				2B5FB3EE1DDC379700C80152 /* HiUITests.m in Sources */,
			);
			runOnlyForDeploymentPostprocessing = 0;
		};
/* End PBXSourcesBuildPhase section */

/* Begin PBXTargetDependency section */
		2B5FB3E01DDC379700C80152 /* PBXTargetDependency */ = {
			isa = PBXTargetDependency;
			target = 2B5FB3C11DDC379700C80152 /* Hi */;
			targetProxy = 2B5FB3DF1DDC379700C80152 /* PBXContainerItemProxy */;
		};
		2B5FB3EB1DDC379700C80152 /* PBXTargetDependency */ = {
			isa = PBXTargetDependency;
			target = 2B5FB3C11DDC379700C80152 /* Hi */;
			targetProxy = 2B5FB3EA1DDC379700C80152 /* PBXContainerItemProxy */;
		};
/* End PBXTargetDependency section */

/* Begin PBXVariantGroup section */
		2B5FB3CE1DDC379700C80152 /* Main.storyboard */ = {
			isa = PBXVariantGroup;
			children = (
				2B5FB3CF1DDC379700C80152 /* Base */,
			);
			name = Main.storyboard;
			sourceTree = "<group>";
		};
		2B5FB3D61DDC379700C80152 /* LaunchScreen.storyboard */ = {
			isa = PBXVariantGroup;
			children = (
				2B5FB3D71DDC379700C80152 /* Base */,
			);
			name = LaunchScreen.storyboard;
			sourceTree = "<group>";
		};
/* End PBXVariantGroup section */

/* Begin XCBuildConfiguration section */
		2B5FB3F01DDC379700C80152 /* Debug */ = {
			isa = XCBuildConfiguration;
			buildSettings = {
				ALWAYS_SEARCH_USER_PATHS = NO;
				CLANG_ANALYZER_NONNULL = YES;
				CLANG_CXX_LANGUAGE_STANDARD = "gnu++0x";
				CLANG_CXX_LIBRARY = "libc++";
				CLANG_ENABLE_MODULES = YES;
				CLANG_ENABLE_OBJC_ARC = YES;
				CLANG_WARN_BOOL_CONVERSION = YES;
				CLANG_WARN_CONSTANT_CONVERSION = YES;
				CLANG_WARN_DIRECT_OBJC_ISA_USAGE = YES_ERROR;
				CLANG_WARN_DOCUMENTATION_COMMENTS = YES;
				CLANG_WARN_EMPTY_BODY = YES;
				CLANG_WARN_ENUM_CONVERSION = YES;
				CLANG_WARN_INFINITE_RECURSION = YES;
				CLANG_WARN_INT_CONVERSION = YES;
				CLANG_WARN_OBJC_ROOT_CLASS = YES_ERROR;
				CLANG_WARN_SUSPICIOUS_MOVES = YES;
				CLANG_WARN_UNREACHABLE_CODE = YES;
				CLANG_WARN__DUPLICATE_METHOD_MATCH = YES;
				"CODE_SIGN_IDENTITY[sdk=iphoneos*]" = "iPhone Developer";
				COPY_PHASE_STRIP = NO;
				DEBUG_INFORMATION_FORMAT = dwarf;
				ENABLE_STRICT_OBJC_MSGSEND = YES;
				ENABLE_TESTABILITY = YES;
				GCC_C_LANGUAGE_STANDARD = gnu99;
				GCC_DYNAMIC_NO_PIC = NO;
				GCC_NO_COMMON_BLOCKS = YES;
				GCC_OPTIMIZATION_LEVEL = 0;
				GCC_PREPROCESSOR_DEFINITIONS = (
					"DEBUG=1",
					"$(inherited)",
				);
				GCC_WARN_64_TO_32_BIT_CONVERSION = YES;
				GCC_WARN_ABOUT_RETURN_TYPE = YES_ERROR;
				GCC_WARN_UNDECLARED_SELECTOR = YES;
				GCC_WARN_UNINITIALIZED_AUTOS = YES_AGGRESSIVE;
				GCC_WARN_UNUSED_FUNCTION = YES;
				GCC_WARN_UNUSED_VARIABLE = YES;
				IPHONEOS_DEPLOYMENT_TARGET = 10.0;
				MTL_ENABLE_DEBUG_INFO = YES;
				ONLY_ACTIVE_ARCH = YES;
				SDKROOT = iphoneos;
				TARGETED_DEVICE_FAMILY = "1,2";
			};
			name = Debug;
		};
		2B5FB3F11DDC379700C80152 /* Release */ = {
			isa = XCBuildConfiguration;
			buildSettings = {
				ALWAYS_SEARCH_USER_PATHS = NO;
				CLANG_ANALYZER_NONNULL = YES;
				CLANG_CXX_LANGUAGE_STANDARD = "gnu++0x";
				CLANG_CXX_LIBRARY = "libc++";
				CLANG_ENABLE_MODULES = YES;
				CLANG_ENABLE_OBJC_ARC = YES;
				CLANG_WARN_BOOL_CONVERSION = YES;
				CLANG_WARN_CONSTANT_CONVERSION = YES;
				CLANG_WARN_DIRECT_OBJC_ISA_USAGE = YES_ERROR;
				CLANG_WARN_DOCUMENTATION_COMMENTS = YES;
				CLANG_WARN_EMPTY_BODY = YES;
				CLANG_WARN_ENUM_CONVERSION = YES;
				CLANG_WARN_INFINITE_RECURSION = YES;
				CLANG_WARN_INT_CONVERSION = YES;
				CLANG_WARN_OBJC_ROOT_CLASS = YES_ERROR;
				CLANG_WARN_SUSPICIOUS_MOVES = YES;
				CLANG_WARN_UNREACHABLE_CODE = YES;
				CLANG_WARN__DUPLICATE_METHOD_MATCH = YES;
				"CODE_SIGN_IDENTITY[sdk=iphoneos*]" = "iPhone Developer";
				COPY_PHASE_STRIP = NO;
				DEBUG_INFORMATION_FORMAT = "dwarf-with-dsym";
				ENABLE_NS_ASSERTIONS = NO;
				ENABLE_STRICT_OBJC_MSGSEND = YES;
				GCC_C_LANGUAGE_STANDARD = gnu99;
				GCC_NO_COMMON_BLOCKS = YES;
				GCC_WARN_64_TO_32_BIT_CONVERSION = YES;
				GCC_WARN_ABOUT_RETURN_TYPE = YES_ERROR;
				GCC_WARN_UNDECLARED_SELECTOR = YES;
				GCC_WARN_UNINITIALIZED_AUTOS = YES_AGGRESSIVE;
				GCC_WARN_UNUSED_FUNCTION = YES;
				GCC_WARN_UNUSED_VARIABLE = YES;
				IPHONEOS_DEPLOYMENT_TARGET = 10.0;
				MTL_ENABLE_DEBUG_INFO = NO;
				SDKROOT = iphoneos;
				TARGETED_DEVICE_FAMILY = "1,2";
				VALIDATE_PRODUCT = YES;
			};
			name = Release;
		};
		2B5FB3F31DDC379700C80152 /* Debug */ = {
			isa = XCBuildConfiguration;
			buildSettings = {
				ASSETCATALOG_COMPILER_APPICON_NAME = AppIcon;
				CODE_SIGN_IDENTITY = "";
				DEVELOPMENT_TEAM = 2YW5V6RTUA;
				GCC_PRECOMPILE_PREFIX_HEADER = YES;
				GCC_PREFIX_HEADER = "$(SRCROOT)/PrefixHeader.pch";
				INFOPLIST_FILE = Hi/Info.plist;
				LD_RUNPATH_SEARCH_PATHS = "$(inherited) @executable_path/Frameworks";
				PRODUCT_BUNDLE_IDENTIFIER = com.ChuangJK.Hi;
				PRODUCT_NAME = "$(TARGET_NAME)";
			};
			name = Debug;
		};
		2B5FB3F41DDC379700C80152 /* Release */ = {
			isa = XCBuildConfiguration;
			buildSettings = {
				ASSETCATALOG_COMPILER_APPICON_NAME = AppIcon;
				CODE_SIGN_IDENTITY = "";
				DEVELOPMENT_TEAM = 2YW5V6RTUA;
				GCC_PRECOMPILE_PREFIX_HEADER = YES;
				GCC_PREFIX_HEADER = "$(SRCROOT)/PrefixHeader.pch";
				INFOPLIST_FILE = Hi/Info.plist;
				LD_RUNPATH_SEARCH_PATHS = "$(inherited) @executable_path/Frameworks";
				PRODUCT_BUNDLE_IDENTIFIER = com.ChuangJK.Hi;
				PRODUCT_NAME = "$(TARGET_NAME)";
			};
			name = Release;
		};
		2B5FB3F61DDC379700C80152 /* Debug */ = {
			isa = XCBuildConfiguration;
			buildSettings = {
				BUNDLE_LOADER = "$(TEST_HOST)";
				INFOPLIST_FILE = HiTests/Info.plist;
				LD_RUNPATH_SEARCH_PATHS = "$(inherited) @executable_path/Frameworks @loader_path/Frameworks";
				PRODUCT_BUNDLE_IDENTIFIER = com.ChuangJK.HiTests;
				PRODUCT_NAME = "$(TARGET_NAME)";
				TEST_HOST = "$(BUILT_PRODUCTS_DIR)/Hi.app/Hi";
			};
			name = Debug;
		};
		2B5FB3F71DDC379700C80152 /* Release */ = {
			isa = XCBuildConfiguration;
			buildSettings = {
				BUNDLE_LOADER = "$(TEST_HOST)";
				INFOPLIST_FILE = HiTests/Info.plist;
				LD_RUNPATH_SEARCH_PATHS = "$(inherited) @executable_path/Frameworks @loader_path/Frameworks";
				PRODUCT_BUNDLE_IDENTIFIER = com.ChuangJK.HiTests;
				PRODUCT_NAME = "$(TARGET_NAME)";
				TEST_HOST = "$(BUILT_PRODUCTS_DIR)/Hi.app/Hi";
			};
			name = Release;
		};
		2B5FB3F91DDC379700C80152 /* Debug */ = {
			isa = XCBuildConfiguration;
			buildSettings = {
				INFOPLIST_FILE = HiUITests/Info.plist;
				LD_RUNPATH_SEARCH_PATHS = "$(inherited) @executable_path/Frameworks @loader_path/Frameworks";
				PRODUCT_BUNDLE_IDENTIFIER = com.ChuangJK.HiUITests;
				PRODUCT_NAME = "$(TARGET_NAME)";
				TEST_TARGET_NAME = Hi;
			};
			name = Debug;
		};
		2B5FB3FA1DDC379700C80152 /* Release */ = {
			isa = XCBuildConfiguration;
			buildSettings = {
				INFOPLIST_FILE = HiUITests/Info.plist;
				LD_RUNPATH_SEARCH_PATHS = "$(inherited) @executable_path/Frameworks @loader_path/Frameworks";
				PRODUCT_BUNDLE_IDENTIFIER = com.ChuangJK.HiUITests;
				PRODUCT_NAME = "$(TARGET_NAME)";
				TEST_TARGET_NAME = Hi;
			};
			name = Release;
		};
/* End XCBuildConfiguration section */

/* Begin XCConfigurationList section */
		2B5FB3BD1DDC379700C80152 /* Build configuration list for PBXProject "Hi" */ = {
			isa = XCConfigurationList;
			buildConfigurations = (
				2B5FB3F01DDC379700C80152 /* Debug */,
				2B5FB3F11DDC379700C80152 /* Release */,
			);
			defaultConfigurationIsVisible = 0;
			defaultConfigurationName = Release;
		};
		2B5FB3F21DDC379700C80152 /* Build configuration list for PBXNativeTarget "Hi" */ = {
			isa = XCConfigurationList;
			buildConfigurations = (
				2B5FB3F31DDC379700C80152 /* Debug */,
				2B5FB3F41DDC379700C80152 /* Release */,
			);
			defaultConfigurationIsVisible = 0;
			defaultConfigurationName = Release;
		};
		2B5FB3F51DDC379700C80152 /* Build configuration list for PBXNativeTarget "HiTests" */ = {
			isa = XCConfigurationList;
			buildConfigurations = (
				2B5FB3F61DDC379700C80152 /* Debug */,
				2B5FB3F71DDC379700C80152 /* Release */,
			);
			defaultConfigurationIsVisible = 0;
			defaultConfigurationName = Release;
		};
		2B5FB3F81DDC379700C80152 /* Build configuration list for PBXNativeTarget "HiUITests" */ = {
			isa = XCConfigurationList;
			buildConfigurations = (
				2B5FB3F91DDC379700C80152 /* Debug */,
				2B5FB3FA1DDC379700C80152 /* Release */,
			);
			defaultConfigurationIsVisible = 0;
			defaultConfigurationName = Release;
		};
/* End XCConfigurationList section */

/* Begin XCVersionGroup section */
		2B5FB3D11DDC379700C80152 /* Hi.xcdatamodeld */ = {
			isa = XCVersionGroup;
			children = (
				2B5FB3D21DDC379700C80152 /* Hi.xcdatamodel */,
			);
			currentVersion = 2B5FB3D21DDC379700C80152 /* Hi.xcdatamodel */;
			path = Hi.xcdatamodeld;
			sourceTree = "<group>";
			versionGroupType = wrapper.xcdatamodel;
		};
/* End XCVersionGroup section */
	};
	rootObject = 2B5FB3BA1DDC379700C80152 /* Project object */;
}
